
Microsoft Visual Studio Solution File, Format Version 12.00
# Visual Studio Version 17
VisualStudioVersion = 17.8.34511.84
MinimumVisualStudioVersion = 10.0.40219.1
Project("{FAE04EC0-301F-11D3-BF4B-00C04F79EFBC}") = "FormSubmissionWithValidation", "FormSubmissionWithValidation\FormSubmissionWithValidation.csproj", "{D758EC35-C896-404B-A3D5-8AA33109BAA6}"
EndProject
Global
	GlobalSection(SolutionConfigurationPlatforms) = preSolution
		Debug|Any CPU = Debug|Any CPU
		Release|Any CPU = Release|Any CPU
	EndGlobalSection
	GlobalSection(ProjectConfigurationPlatforms) = postSolution
		{D758EC35-C896-404B-A3D5-8AA33109BAA6}.Debug|Any CPU.ActiveCfg = Debug|Any CPU
		{D758EC35-C896-404B-A3D5-8AA33109BAA6}.Debug|Any CPU.Build.0 = Debug|Any CPU
		{D758EC35-C896-404B-A3D5-8AA33109BAA6}.Release|Any CPU.ActiveCfg = Release|Any CPU
		{D758EC35-C896-404B-A3D5-8AA33109BAA6}.Release|Any CPU.Build.0 = Release|Any CPU
	EndGlobalSection
	GlobalSection(SolutionProperties) = preSolution
		HideSolutionNode = FALSE
	EndGlobalSection
	GlobalSection(ExtensibilityGlobals) = postSolution
		SolutionGuid = {4E2E8DF9-2BD5-4232-977F-2F341EAB3C3A}
	EndGlobalSection
EndGlobal
